
Microsoft Visual Studio Solution File, Format Version 12.00
# Visual Studio Version 17
VisualStudioVersion = 17.0.32014.148
MinimumVisualStudioVersion = 10.0.40219.1
Project("{FAE04EC0-301F-11D3-BF4B-00C04F79EFBC}") = "HealthilyProject", "HealthilyProject\HealthilyProject.csproj", "{6BAD95CE-15D3-4579-9A06-2E2349824AEA}"
EndProject
Global
	GlobalSection(SolutionConfigurationPlatforms) = preSolution
		Debug|Any CPU = Debug|Any CPU
		Release|Any CPU = Release|Any CPU
	EndGlobalSection
	GlobalSection(ProjectConfigurationPlatforms) = postSolution
		{6BAD95CE-15D3-4579-9A06-2E2349824AEA}.Debug|Any CPU.ActiveCfg = Debug|Any CPU
		{6BAD95CE-15D3-4579-9A06-2E2349824AEA}.Debug|Any CPU.Build.0 = Debug|Any CPU
		{6BAD95CE-15D3-4579-9A06-2E2349824AEA}.Release|Any CPU.ActiveCfg = Release|Any CPU
		{6BAD95CE-15D3-4579-9A06-2E2349824AEA}.Release|Any CPU.Build.0 = Release|Any CPU
	EndGlobalSection
	GlobalSection(SolutionProperties) = preSolution
		HideSolutionNode = FALSE
	EndGlobalSection
	GlobalSection(ExtensibilityGlobals) = postSolution
		SolutionGuid = {62BDFE6F-A1B5-40E9-971F-FF6B37A8D9BB}
	EndGlobalSection
EndGlobal
